
Microsoft Visual Studio Solution File, Format Version 12.00
# Visual Studio 2012
Project("{FAE04EC0-301F-11D3-BF4B-00C04F79EFBC}") = "High School Story", "High School Story.csproj", "{9156DA76-56BB-44CF-9F9D-79F8B1FE9294}"
EndProject
Project("{FAE04EC0-301F-11D3-BF4B-00C04F79EFBC}") = "HighSchoolStory.ContentValidator", "tools\\HighSchoolStory.ContentValidator\\HighSchoolStory.ContentValidator.csproj", "{B73B84F4-6D1D-48D0-AFBE-1C07BE3FD73B}"
EndProject
Project("{FAE04EC0-301F-11D3-BF4B-00C04F79EFBC}") = "HighSchoolStory.ScenarioRunner", "tools\\HighSchoolStory.ScenarioRunner\\HighSchoolStory.ScenarioRunner.csproj", "{E890F8F7-492D-4D38-8550-6FB3F0BF7C87}"
EndProject
Project("{2150E333-8FDC-42A3-9474-1A3956D46DE8}") = "tests", "tests", "{0AB3BF05-4346-4AA6-1389-037BE0695223}"
EndProject
Project("{FAE04EC0-301F-11D3-BF4B-00C04F79EFBC}") = "HighSchoolStory.Domain.Tests", "tests\HighSchoolStory.Domain.Tests\HighSchoolStory.Domain.Tests.csproj", "{7BD386BA-7AE4-4AE5-BAC2-3A894A33EE60}"
EndProject
Project("{2150E333-8FDC-42A3-9474-1A3956D46DE8}") = "src", "src", "{827E0CD3-B72D-47B6-A68D-7590B98EB39B}"
EndProject
Project("{FAE04EC0-301F-11D3-BF4B-00C04F79EFBC}") = "HighSchoolStory.Domain", "src\HighSchoolStory.Domain\HighSchoolStory.Domain.csproj", "{EDC581BE-1D7F-4686-B02B-327FAE03D2BE}"
EndProject
Project("{FAE04EC0-301F-11D3-BF4B-00C04F79EFBC}") = "HighSchoolStory.Application.Tests", "tests\HighSchoolStory.Application.Tests\HighSchoolStory.Application.Tests.csproj", "{9CBCAA63-CD92-4E8F-87D6-3DE776D094C0}"
EndProject
Project("{FAE04EC0-301F-11D3-BF4B-00C04F79EFBC}") = "HighSchoolStory.Application", "src\HighSchoolStory.Application\HighSchoolStory.Application.csproj", "{FC9C23B2-A20B-4881-B8F1-C7670A7C28BD}"
EndProject
Project("{FAE04EC0-301F-11D3-BF4B-00C04F79EFBC}") = "HighSchoolStory.Ports", "src\HighSchoolStory.Ports\HighSchoolStory.Ports.csproj", "{BB79B497-AB32-4D5F-AF94-D57AD5387C21}"
EndProject
Project("{FAE04EC0-301F-11D3-BF4B-00C04F79EFBC}") = "HighSchoolStory.Content.Tests", "tests\HighSchoolStory.Content.Tests\HighSchoolStory.Content.Tests.csproj", "{3A8D453C-2F8E-4898-936C-594525BEFB86}"
EndProject
Project("{FAE04EC0-301F-11D3-BF4B-00C04F79EFBC}") = "HighSchoolStory.Content", "src\HighSchoolStory.Content\HighSchoolStory.Content.csproj", "{425A330D-8EBB-4C7C-97E1-6A3F39D9D489}"
EndProject
Project("{FAE04EC0-301F-11D3-BF4B-00C04F79EFBC}") = "HighSchoolStory.SaveMigration.Tests", "tests\HighSchoolStory.SaveMigration.Tests\HighSchoolStory.SaveMigration.Tests.csproj", "{93BF7D87-FD32-47E5-99CA-EE4D50EE1B65}"
EndProject
Project("{FAE04EC0-301F-11D3-BF4B-00C04F79EFBC}") = "HighSchoolStory.Scenario.Tests", "tests\HighSchoolStory.Scenario.Tests\HighSchoolStory.Scenario.Tests.csproj", "{7533E84B-9D8D-4582-8643-E9B285836729}"
EndProject
Project("{FAE04EC0-301F-11D3-BF4B-00C04F79EFBC}") = "HighSchoolStory.Architecture.Tests", "tests\HighSchoolStory.Architecture.Tests\HighSchoolStory.Architecture.Tests.csproj", "{BDBCA09C-8366-43CF-9790-6AC45357C09E}"
EndProject
Project("{FAE04EC0-301F-11D3-BF4B-00C04F79EFBC}") = "HighSchoolStory.GodotSmoke.Tests", "tests\HighSchoolStory.GodotSmoke.Tests\HighSchoolStory.GodotSmoke.Tests.csproj", "{92E26019-83CC-435B-991B-246D887CEE3B}"
EndProject
Global
	GlobalSection(SolutionConfigurationPlatforms) = preSolution
		Debug|Any CPU = Debug|Any CPU
		Debug|x64 = Debug|x64
		Debug|x86 = Debug|x86
		ExportDebug|Any CPU = ExportDebug|Any CPU
		ExportDebug|x64 = ExportDebug|x64
		ExportDebug|x86 = ExportDebug|x86
		ExportRelease|Any CPU = ExportRelease|Any CPU
		ExportRelease|x64 = ExportRelease|x64
		ExportRelease|x86 = ExportRelease|x86
		Release|Any CPU = Release|Any CPU
		Release|x64 = Release|x64
		Release|x86 = Release|x86
	EndGlobalSection
	GlobalSection(ProjectConfigurationPlatforms) = postSolution
		{9156DA76-56BB-44CF-9F9D-79F8B1FE9294}.Debug|Any CPU.ActiveCfg = Debug|Any CPU
		{9156DA76-56BB-44CF-9F9D-79F8B1FE9294}.Debug|Any CPU.Build.0 = Debug|Any CPU
		{9156DA76-56BB-44CF-9F9D-79F8B1FE9294}.Debug|x64.ActiveCfg = Debug|Any CPU
		{9156DA76-56BB-44CF-9F9D-79F8B1FE9294}.Debug|x64.Build.0 = Debug|Any CPU
		{9156DA76-56BB-44CF-9F9D-79F8B1FE9294}.Debug|x86.ActiveCfg = Debug|Any CPU
		{9156DA76-56BB-44CF-9F9D-79F8B1FE9294}.Debug|x86.Build.0 = Debug|Any CPU
		{9156DA76-56BB-44CF-9F9D-79F8B1FE9294}.ExportDebug|Any CPU.ActiveCfg = ExportDebug|Any CPU
		{9156DA76-56BB-44CF-9F9D-79F8B1FE9294}.ExportDebug|Any CPU.Build.0 = ExportDebug|Any CPU
		{9156DA76-56BB-44CF-9F9D-79F8B1FE9294}.ExportDebug|x64.ActiveCfg = ExportDebug|Any CPU
		{9156DA76-56BB-44CF-9F9D-79F8B1FE9294}.ExportDebug|x64.Build.0 = ExportDebug|Any CPU
		{9156DA76-56BB-44CF-9F9D-79F8B1FE9294}.ExportDebug|x86.ActiveCfg = ExportDebug|Any CPU
		{9156DA76-56BB-44CF-9F9D-79F8B1FE9294}.ExportDebug|x86.Build.0 = ExportDebug|Any CPU
		{9156DA76-56BB-44CF-9F9D-79F8B1FE9294}.ExportRelease|Any CPU.ActiveCfg = ExportRelease|Any CPU
		{9156DA76-56BB-44CF-9F9D-79F8B1FE9294}.ExportRelease|Any CPU.Build.0 = ExportRelease|Any CPU
		{9156DA76-56BB-44CF-9F9D-79F8B1FE9294}.ExportRelease|x64.ActiveCfg = ExportRelease|Any CPU
		{9156DA76-56BB-44CF-9F9D-79F8B1FE9294}.ExportRelease|x64.Build.0 = ExportRelease|Any CPU
		{9156DA76-56BB-44CF-9F9D-79F8B1FE9294}.ExportRelease|x86.ActiveCfg = ExportRelease|Any CPU
		{9156DA76-56BB-44CF-9F9D-79F8B1FE9294}.ExportRelease|x86.Build.0 = ExportRelease|Any CPU
		{9156DA76-56BB-44CF-9F9D-79F8B1FE9294}.Release|Any CPU.ActiveCfg = Release|Any CPU
		{9156DA76-56BB-44CF-9F9D-79F8B1FE9294}.Release|Any CPU.Build.0 = Release|Any CPU
		{9156DA76-56BB-44CF-9F9D-79F8B1FE9294}.Release|x64.ActiveCfg = Release|Any CPU
		{9156DA76-56BB-44CF-9F9D-79F8B1FE9294}.Release|x64.Build.0 = Release|Any CPU
		{9156DA76-56BB-44CF-9F9D-79F8B1FE9294}.Release|x86.ActiveCfg = Release|Any CPU
		{9156DA76-56BB-44CF-9F9D-79F8B1FE9294}.Release|x86.Build.0 = Release|Any CPU
		{B73B84F4-6D1D-48D0-AFBE-1C07BE3FD73B}.Debug|Any CPU.ActiveCfg = Debug|Any CPU
		{B73B84F4-6D1D-48D0-AFBE-1C07BE3FD73B}.Debug|Any CPU.Build.0 = Debug|Any CPU
		{B73B84F4-6D1D-48D0-AFBE-1C07BE3FD73B}.Debug|x64.ActiveCfg = Debug|Any CPU
		{B73B84F4-6D1D-48D0-AFBE-1C07BE3FD73B}.Debug|x64.Build.0 = Debug|Any CPU
		{B73B84F4-6D1D-48D0-AFBE-1C07BE3FD73B}.Debug|x86.ActiveCfg = Debug|Any CPU
		{B73B84F4-6D1D-48D0-AFBE-1C07BE3FD73B}.Debug|x86.Build.0 = Debug|Any CPU
		{B73B84F4-6D1D-48D0-AFBE-1C07BE3FD73B}.ExportDebug|Any CPU.ActiveCfg = Debug|Any CPU
		{B73B84F4-6D1D-48D0-AFBE-1C07BE3FD73B}.ExportDebug|Any CPU.Build.0 = Debug|Any CPU
		{B73B84F4-6D1D-48D0-AFBE-1C07BE3FD73B}.ExportDebug|x64.ActiveCfg = ExportDebug|Any CPU
		{B73B84F4-6D1D-48D0-AFBE-1C07BE3FD73B}.ExportDebug|x64.Build.0 = ExportDebug|Any CPU
		{B73B84F4-6D1D-48D0-AFBE-1C07BE3FD73B}.ExportDebug|x86.ActiveCfg = ExportDebug|Any CPU
		{B73B84F4-6D1D-48D0-AFBE-1C07BE3FD73B}.ExportDebug|x86.Build.0 = ExportDebug|Any CPU
		{B73B84F4-6D1D-48D0-AFBE-1C07BE3FD73B}.ExportRelease|Any CPU.ActiveCfg = Release|Any CPU
		{B73B84F4-6D1D-48D0-AFBE-1C07BE3FD73B}.ExportRelease|Any CPU.Build.0 = Release|Any CPU
		{B73B84F4-6D1D-48D0-AFBE-1C07BE3FD73B}.ExportRelease|x64.ActiveCfg = ExportRelease|Any CPU
		{B73B84F4-6D1D-48D0-AFBE-1C07BE3FD73B}.ExportRelease|x64.Build.0 = ExportRelease|Any CPU
		{B73B84F4-6D1D-48D0-AFBE-1C07BE3FD73B}.ExportRelease|x86.ActiveCfg = ExportRelease|Any CPU
		{B73B84F4-6D1D-48D0-AFBE-1C07BE3FD73B}.ExportRelease|x86.Build.0 = ExportRelease|Any CPU
		{B73B84F4-6D1D-48D0-AFBE-1C07BE3FD73B}.Release|Any CPU.ActiveCfg = Release|Any CPU
		{B73B84F4-6D1D-48D0-AFBE-1C07BE3FD73B}.Release|Any CPU.Build.0 = Release|Any CPU
		{B73B84F4-6D1D-48D0-AFBE-1C07BE3FD73B}.Release|x64.ActiveCfg = Release|Any CPU
		{B73B84F4-6D1D-48D0-AFBE-1C07BE3FD73B}.Release|x64.Build.0 = Release|Any CPU
		{B73B84F4-6D1D-48D0-AFBE-1C07BE3FD73B}.Release|x86.ActiveCfg = Release|Any CPU
		{B73B84F4-6D1D-48D0-AFBE-1C07BE3FD73B}.Release|x86.Build.0 = Release|Any CPU
		{E890F8F7-492D-4D38-8550-6FB3F0BF7C87}.Debug|Any CPU.ActiveCfg = Debug|Any CPU
		{E890F8F7-492D-4D38-8550-6FB3F0BF7C87}.Debug|Any CPU.Build.0 = Debug|Any CPU
		{E890F8F7-492D-4D38-8550-6FB3F0BF7C87}.Debug|x64.ActiveCfg = Debug|Any CPU
		{E890F8F7-492D-4D38-8550-6FB3F0BF7C87}.Debug|x64.Build.0 = Debug|Any CPU
		{E890F8F7-492D-4D38-8550-6FB3F0BF7C87}.Debug|x86.ActiveCfg = Debug|Any CPU
		{E890F8F7-492D-4D38-8550-6FB3F0BF7C87}.Debug|x86.Build.0 = Debug|Any CPU
		{E890F8F7-492D-4D38-8550-6FB3F0BF7C87}.ExportDebug|Any CPU.ActiveCfg = Debug|Any CPU
		{E890F8F7-492D-4D38-8550-6FB3F0BF7C87}.ExportDebug|Any CPU.Build.0 = Debug|Any CPU
		{E890F8F7-492D-4D38-8550-6FB3F0BF7C87}.ExportDebug|x64.ActiveCfg = ExportDebug|Any CPU
		{E890F8F7-492D-4D38-8550-6FB3F0BF7C87}.ExportDebug|x64.Build.0 = ExportDebug|Any CPU
		{E890F8F7-492D-4D38-8550-6FB3F0BF7C87}.ExportDebug|x86.ActiveCfg = ExportDebug|Any CPU
		{E890F8F7-492D-4D38-8550-6FB3F0BF7C87}.ExportDebug|x86.Build.0 = ExportDebug|Any CPU
		{E890F8F7-492D-4D38-8550-6FB3F0BF7C87}.ExportRelease|Any CPU.ActiveCfg = Release|Any CPU
		{E890F8F7-492D-4D38-8550-6FB3F0BF7C87}.ExportRelease|Any CPU.Build.0 = Release|Any CPU
		{E890F8F7-492D-4D38-8550-6FB3F0BF7C87}.ExportRelease|x64.ActiveCfg = ExportRelease|Any CPU
		{E890F8F7-492D-4D38-8550-6FB3F0BF7C87}.ExportRelease|x64.Build.0 = ExportRelease|Any CPU
		{E890F8F7-492D-4D38-8550-6FB3F0BF7C87}.ExportRelease|x86.ActiveCfg = ExportRelease|Any CPU
		{E890F8F7-492D-4D38-8550-6FB3F0BF7C87}.ExportRelease|x86.Build.0 = ExportRelease|Any CPU
		{E890F8F7-492D-4D38-8550-6FB3F0BF7C87}.Release|Any CPU.ActiveCfg = Release|Any CPU
		{E890F8F7-492D-4D38-8550-6FB3F0BF7C87}.Release|Any CPU.Build.0 = Release|Any CPU
		{E890F8F7-492D-4D38-8550-6FB3F0BF7C87}.Release|x64.ActiveCfg = Release|Any CPU
		{E890F8F7-492D-4D38-8550-6FB3F0BF7C87}.Release|x64.Build.0 = Release|Any CPU
		{E890F8F7-492D-4D38-8550-6FB3F0BF7C87}.Release|x86.ActiveCfg = Release|Any CPU
		{E890F8F7-492D-4D38-8550-6FB3F0BF7C87}.Release|x86.Build.0 = Release|Any CPU
		{7BD386BA-7AE4-4AE5-BAC2-3A894A33EE60}.Debug|Any CPU.ActiveCfg = Debug|Any CPU
		{7BD386BA-7AE4-4AE5-BAC2-3A894A33EE60}.Debug|Any CPU.Build.0 = Debug|Any CPU
		{7BD386BA-7AE4-4AE5-BAC2-3A894A33EE60}.Debug|x64.ActiveCfg = Debug|Any CPU
		{7BD386BA-7AE4-4AE5-BAC2-3A894A33EE60}.Debug|x64.Build.0 = Debug|Any CPU
		{7BD386BA-7AE4-4AE5-BAC2-3A894A33EE60}.Debug|x86.ActiveCfg = Debug|Any CPU
		{7BD386BA-7AE4-4AE5-BAC2-3A894A33EE60}.Debug|x86.Build.0 = Debug|Any CPU
		{7BD386BA-7AE4-4AE5-BAC2-3A894A33EE60}.ExportDebug|Any CPU.ActiveCfg = Debug|Any CPU
		{7BD386BA-7AE4-4AE5-BAC2-3A894A33EE60}.ExportDebug|Any CPU.Build.0 = Debug|Any CPU
		{7BD386BA-7AE4-4AE5-BAC2-3A894A33EE60}.ExportDebug|x64.ActiveCfg = Debug|Any CPU
		{7BD386BA-7AE4-4AE5-BAC2-3A894A33EE60}.ExportDebug|x64.Build.0 = Debug|Any CPU
		{7BD386BA-7AE4-4AE5-BAC2-3A894A33EE60}.ExportDebug|x86.ActiveCfg = Debug|Any CPU
		{7BD386BA-7AE4-4AE5-BAC2-3A894A33EE60}.ExportDebug|x86.Build.0 = Debug|Any CPU
		{7BD386BA-7AE4-4AE5-BAC2-3A894A33EE60}.ExportRelease|Any CPU.ActiveCfg = Debug|Any CPU
		{7BD386BA-7AE4-4AE5-BAC2-3A894A33EE60}.ExportRelease|Any CPU.Build.0 = Debug|Any CPU
		{7BD386BA-7AE4-4AE5-BAC2-3A894A33EE60}.ExportRelease|x64.ActiveCfg = Debug|Any CPU
		{7BD386BA-7AE4-4AE5-BAC2-3A894A33EE60}.ExportRelease|x64.Build.0 = Debug|Any CPU
		{7BD386BA-7AE4-4AE5-BAC2-3A894A33EE60}.ExportRelease|x86.ActiveCfg = Debug|Any CPU
		{7BD386BA-7AE4-4AE5-BAC2-3A894A33EE60}.ExportRelease|x86.Build.0 = Debug|Any CPU
		{7BD386BA-7AE4-4AE5-BAC2-3A894A33EE60}.Release|Any CPU.ActiveCfg = Release|Any CPU
		{7BD386BA-7AE4-4AE5-BAC2-3A894A33EE60}.Release|Any CPU.Build.0 = Release|Any CPU
		{7BD386BA-7AE4-4AE5-BAC2-3A894A33EE60}.Release|x64.ActiveCfg = Release|Any CPU
		{7BD386BA-7AE4-4AE5-BAC2-3A894A33EE60}.Release|x64.Build.0 = Release|Any CPU
		{7BD386BA-7AE4-4AE5-BAC2-3A894A33EE60}.Release|x86.ActiveCfg = Release|Any CPU
		{7BD386BA-7AE4-4AE5-BAC2-3A894A33EE60}.Release|x86.Build.0 = Release|Any CPU
		{EDC581BE-1D7F-4686-B02B-327FAE03D2BE}.Debug|Any CPU.ActiveCfg = Debug|Any CPU
		{EDC581BE-1D7F-4686-B02B-327FAE03D2BE}.Debug|Any CPU.Build.0 = Debug|Any CPU
		{EDC581BE-1D7F-4686-B02B-327FAE03D2BE}.Debug|x64.ActiveCfg = Debug|Any CPU
		{EDC581BE-1D7F-4686-B02B-327FAE03D2BE}.Debug|x64.Build.0 = Debug|Any CPU
		{EDC581BE-1D7F-4686-B02B-327FAE03D2BE}.Debug|x86.ActiveCfg = Debug|Any CPU
		{EDC581BE-1D7F-4686-B02B-327FAE03D2BE}.Debug|x86.Build.0 = Debug|Any CPU
		{EDC581BE-1D7F-4686-B02B-327FAE03D2BE}.ExportDebug|Any CPU.ActiveCfg = Debug|Any CPU
		{EDC581BE-1D7F-4686-B02B-327FAE03D2BE}.ExportDebug|Any CPU.Build.0 = Debug|Any CPU
		{EDC581BE-1D7F-4686-B02B-327FAE03D2BE}.ExportDebug|x64.ActiveCfg = Debug|Any CPU
		{EDC581BE-1D7F-4686-B02B-327FAE03D2BE}.ExportDebug|x64.Build.0 = Debug|Any CPU
		{EDC581BE-1D7F-4686-B02B-327FAE03D2BE}.ExportDebug|x86.ActiveCfg = Debug|Any CPU
		{EDC581BE-1D7F-4686-B02B-327FAE03D2BE}.ExportDebug|x86.Build.0 = Debug|Any CPU
		{EDC581BE-1D7F-4686-B02B-327FAE03D2BE}.ExportRelease|Any CPU.ActiveCfg = Debug|Any CPU
		{EDC581BE-1D7F-4686-B02B-327FAE03D2BE}.ExportRelease|Any CPU.Build.0 = Debug|Any CPU
		{EDC581BE-1D7F-4686-B02B-327FAE03D2BE}.ExportRelease|x64.ActiveCfg = Debug|Any CPU
		{EDC581BE-1D7F-4686-B02B-327FAE03D2BE}.ExportRelease|x64.Build.0 = Debug|Any CPU
		{EDC581BE-1D7F-4686-B02B-327FAE03D2BE}.ExportRelease|x86.ActiveCfg = Debug|Any CPU
		{EDC581BE-1D7F-4686-B02B-327FAE03D2BE}.ExportRelease|x86.Build.0 = Debug|Any CPU
		{EDC581BE-1D7F-4686-B02B-327FAE03D2BE}.Release|Any CPU.ActiveCfg = Release|Any CPU
		{EDC581BE-1D7F-4686-B02B-327FAE03D2BE}.Release|Any CPU.Build.0 = Release|Any CPU
		{EDC581BE-1D7F-4686-B02B-327FAE03D2BE}.Release|x64.ActiveCfg = Release|Any CPU
		{EDC581BE-1D7F-4686-B02B-327FAE03D2BE}.Release|x64.Build.0 = Release|Any CPU
		{EDC581BE-1D7F-4686-B02B-327FAE03D2BE}.Release|x86.ActiveCfg = Release|Any CPU
		{EDC581BE-1D7F-4686-B02B-327FAE03D2BE}.Release|x86.Build.0 = Release|Any CPU
		{9CBCAA63-CD92-4E8F-87D6-3DE776D094C0}.Debug|Any CPU.ActiveCfg = Debug|Any CPU
		{9CBCAA63-CD92-4E8F-87D6-3DE776D094C0}.Debug|Any CPU.Build.0 = Debug|Any CPU
		{9CBCAA63-CD92-4E8F-87D6-3DE776D094C0}.Debug|x64.ActiveCfg = Debug|Any CPU
		{9CBCAA63-CD92-4E8F-87D6-3DE776D094C0}.Debug|x64.Build.0 = Debug|Any CPU
		{9CBCAA63-CD92-4E8F-87D6-3DE776D094C0}.Debug|x86.ActiveCfg = Debug|Any CPU
		{9CBCAA63-CD92-4E8F-87D6-3DE776D094C0}.Debug|x86.Build.0 = Debug|Any CPU
		{9CBCAA63-CD92-4E8F-87D6-3DE776D094C0}.ExportDebug|Any CPU.ActiveCfg = Debug|Any CPU
		{9CBCAA63-CD92-4E8F-87D6-3DE776D094C0}.ExportDebug|Any CPU.Build.0 = Debug|Any CPU
		{9CBCAA63-CD92-4E8F-87D6-3DE776D094C0}.ExportDebug|x64.ActiveCfg = Debug|Any CPU
		{9CBCAA63-CD92-4E8F-87D6-3DE776D094C0}.ExportDebug|x64.Build.0 = Debug|Any CPU
		{9CBCAA63-CD92-4E8F-87D6-3DE776D094C0}.ExportDebug|x86.ActiveCfg = Debug|Any CPU
		{9CBCAA63-CD92-4E8F-87D6-3DE776D094C0}.ExportDebug|x86.Build.0 = Debug|Any CPU
		{9CBCAA63-CD92-4E8F-87D6-3DE776D094C0}.ExportRelease|Any CPU.ActiveCfg = Debug|Any CPU
		{9CBCAA63-CD92-4E8F-87D6-3DE776D094C0}.ExportRelease|Any CPU.Build.0 = Debug|Any CPU
		{9CBCAA63-CD92-4E8F-87D6-3DE776D094C0}.ExportRelease|x64.ActiveCfg = Debug|Any CPU
		{9CBCAA63-CD92-4E8F-87D6-3DE776D094C0}.ExportRelease|x64.Build.0 = Debug|Any CPU
		{9CBCAA63-CD92-4E8F-87D6-3DE776D094C0}.ExportRelease|x86.ActiveCfg = Debug|Any CPU
		{9CBCAA63-CD92-4E8F-87D6-3DE776D094C0}.ExportRelease|x86.Build.0 = Debug|Any CPU
		{9CBCAA63-CD92-4E8F-87D6-3DE776D094C0}.Release|Any CPU.ActiveCfg = Release|Any CPU
		{9CBCAA63-CD92-4E8F-87D6-3DE776D094C0}.Release|Any CPU.Build.0 = Release|Any CPU
		{9CBCAA63-CD92-4E8F-87D6-3DE776D094C0}.Release|x64.ActiveCfg = Release|Any CPU
		{9CBCAA63-CD92-4E8F-87D6-3DE776D094C0}.Release|x64.Build.0 = Release|Any CPU
		{9CBCAA63-CD92-4E8F-87D6-3DE776D094C0}.Release|x86.ActiveCfg = Release|Any CPU
		{9CBCAA63-CD92-4E8F-87D6-3DE776D094C0}.Release|x86.Build.0 = Release|Any CPU
		{FC9C23B2-A20B-4881-B8F1-C7670A7C28BD}.Debug|Any CPU.ActiveCfg = Debug|Any CPU
		{FC9C23B2-A20B-4881-B8F1-C7670A7C28BD}.Debug|Any CPU.Build.0 = Debug|Any CPU
		{FC9C23B2-A20B-4881-B8F1-C7670A7C28BD}.Debug|x64.ActiveCfg = Debug|Any CPU
		{FC9C23B2-A20B-4881-B8F1-C7670A7C28BD}.Debug|x64.Build.0 = Debug|Any CPU
		{FC9C23B2-A20B-4881-B8F1-C7670A7C28BD}.Debug|x86.ActiveCfg = Debug|Any CPU
		{FC9C23B2-A20B-4881-B8F1-C7670A7C28BD}.Debug|x86.Build.0 = Debug|Any CPU
		{FC9C23B2-A20B-4881-B8F1-C7670A7C28BD}.ExportDebug|Any CPU.ActiveCfg = Debug|Any CPU
		{FC9C23B2-A20B-4881-B8F1-C7670A7C28BD}.ExportDebug|Any CPU.Build.0 = Debug|Any CPU
		{FC9C23B2-A20B-4881-B8F1-C7670A7C28BD}.ExportDebug|x64.ActiveCfg = Debug|Any CPU
		{FC9C23B2-A20B-4881-B8F1-C7670A7C28BD}.ExportDebug|x64.Build.0 = Debug|Any CPU
		{FC9C23B2-A20B-4881-B8F1-C7670A7C28BD}.ExportDebug|x86.ActiveCfg = Debug|Any CPU
		{FC9C23B2-A20B-4881-B8F1-C7670A7C28BD}.ExportDebug|x86.Build.0 = Debug|Any CPU
		{FC9C23B2-A20B-4881-B8F1-C7670A7C28BD}.ExportRelease|Any CPU.ActiveCfg = Debug|Any CPU
		{FC9C23B2-A20B-4881-B8F1-C7670A7C28BD}.ExportRelease|Any CPU.Build.0 = Debug|Any CPU
		{FC9C23B2-A20B-4881-B8F1-C7670A7C28BD}.ExportRelease|x64.ActiveCfg = Debug|Any CPU
		{FC9C23B2-A20B-4881-B8F1-C7670A7C28BD}.ExportRelease|x64.Build.0 = Debug|Any CPU
		{FC9C23B2-A20B-4881-B8F1-C7670A7C28BD}.ExportRelease|x86.ActiveCfg = Debug|Any CPU
		{FC9C23B2-A20B-4881-B8F1-C7670A7C28BD}.ExportRelease|x86.Build.0 = Debug|Any CPU
		{FC9C23B2-A20B-4881-B8F1-C7670A7C28BD}.Release|Any CPU.ActiveCfg = Release|Any CPU
		{FC9C23B2-A20B-4881-B8F1-C7670A7C28BD}.Release|Any CPU.Build.0 = Release|Any CPU
		{FC9C23B2-A20B-4881-B8F1-C7670A7C28BD}.Release|x64.ActiveCfg = Release|Any CPU
		{FC9C23B2-A20B-4881-B8F1-C7670A7C28BD}.Release|x64.Build.0 = Release|Any CPU
		{FC9C23B2-A20B-4881-B8F1-C7670A7C28BD}.Release|x86.ActiveCfg = Release|Any CPU
		{FC9C23B2-A20B-4881-B8F1-C7670A7C28BD}.Release|x86.Build.0 = Release|Any CPU
		{BB79B497-AB32-4D5F-AF94-D57AD5387C21}.Debug|Any CPU.ActiveCfg = Debug|Any CPU
		{BB79B497-AB32-4D5F-AF94-D57AD5387C21}.Debug|Any CPU.Build.0 = Debug|Any CPU
		{BB79B497-AB32-4D5F-AF94-D57AD5387C21}.Debug|x64.ActiveCfg = Debug|Any CPU
		{BB79B497-AB32-4D5F-AF94-D57AD5387C21}.Debug|x64.Build.0 = Debug|Any CPU
		{BB79B497-AB32-4D5F-AF94-D57AD5387C21}.Debug|x86.ActiveCfg = Debug|Any CPU
		{BB79B497-AB32-4D5F-AF94-D57AD5387C21}.Debug|x86.Build.0 = Debug|Any CPU
		{BB79B497-AB32-4D5F-AF94-D57AD5387C21}.ExportDebug|Any CPU.ActiveCfg = Debug|Any CPU
		{BB79B497-AB32-4D5F-AF94-D57AD5387C21}.ExportDebug|Any CPU.Build.0 = Debug|Any CPU
		{BB79B497-AB32-4D5F-AF94-D57AD5387C21}.ExportDebug|x64.ActiveCfg = Debug|Any CPU
		{BB79B497-AB32-4D5F-AF94-D57AD5387C21}.ExportDebug|x64.Build.0 = Debug|Any CPU
		{BB79B497-AB32-4D5F-AF94-D57AD5387C21}.ExportDebug|x86.ActiveCfg = Debug|Any CPU
		{BB79B497-AB32-4D5F-AF94-D57AD5387C21}.ExportDebug|x86.Build.0 = Debug|Any CPU
		{BB79B497-AB32-4D5F-AF94-D57AD5387C21}.ExportRelease|Any CPU.ActiveCfg = Debug|Any CPU
		{BB79B497-AB32-4D5F-AF94-D57AD5387C21}.ExportRelease|Any CPU.Build.0 = Debug|Any CPU
		{BB79B497-AB32-4D5F-AF94-D57AD5387C21}.ExportRelease|x64.ActiveCfg = Debug|Any CPU
		{BB79B497-AB32-4D5F-AF94-D57AD5387C21}.ExportRelease|x64.Build.0 = Debug|Any CPU
		{BB79B497-AB32-4D5F-AF94-D57AD5387C21}.ExportRelease|x86.ActiveCfg = Debug|Any CPU
		{BB79B497-AB32-4D5F-AF94-D57AD5387C21}.ExportRelease|x86.Build.0 = Debug|Any CPU
		{BB79B497-AB32-4D5F-AF94-D57AD5387C21}.Release|Any CPU.ActiveCfg = Release|Any CPU
		{BB79B497-AB32-4D5F-AF94-D57AD5387C21}.Release|Any CPU.Build.0 = Release|Any CPU
		{BB79B497-AB32-4D5F-AF94-D57AD5387C21}.Release|x64.ActiveCfg = Release|Any CPU
		{BB79B497-AB32-4D5F-AF94-D57AD5387C21}.Release|x64.Build.0 = Release|Any CPU
		{BB79B497-AB32-4D5F-AF94-D57AD5387C21}.Release|x86.ActiveCfg = Release|Any CPU
		{BB79B497-AB32-4D5F-AF94-D57AD5387C21}.Release|x86.Build.0 = Release|Any CPU
		{3A8D453C-2F8E-4898-936C-594525BEFB86}.Debug|Any CPU.ActiveCfg = Debug|Any CPU
		{3A8D453C-2F8E-4898-936C-594525BEFB86}.Debug|Any CPU.Build.0 = Debug|Any CPU
		{3A8D453C-2F8E-4898-936C-594525BEFB86}.Debug|x64.ActiveCfg = Debug|Any CPU
		{3A8D453C-2F8E-4898-936C-594525BEFB86}.Debug|x64.Build.0 = Debug|Any CPU
		{3A8D453C-2F8E-4898-936C-594525BEFB86}.Debug|x86.ActiveCfg = Debug|Any CPU
		{3A8D453C-2F8E-4898-936C-594525BEFB86}.Debug|x86.Build.0 = Debug|Any CPU
		{3A8D453C-2F8E-4898-936C-594525BEFB86}.ExportDebug|Any CPU.ActiveCfg = Debug|Any CPU
		{3A8D453C-2F8E-4898-936C-594525BEFB86}.ExportDebug|Any CPU.Build.0 = Debug|Any CPU
		{3A8D453C-2F8E-4898-936C-594525BEFB86}.ExportDebug|x64.ActiveCfg = Debug|Any CPU
		{3A8D453C-2F8E-4898-936C-594525BEFB86}.ExportDebug|x64.Build.0 = Debug|Any CPU
		{3A8D453C-2F8E-4898-936C-594525BEFB86}.ExportDebug|x86.ActiveCfg = Debug|Any CPU
		{3A8D453C-2F8E-4898-936C-594525BEFB86}.ExportDebug|x86.Build.0 = Debug|Any CPU
		{3A8D453C-2F8E-4898-936C-594525BEFB86}.ExportRelease|Any CPU.ActiveCfg = Debug|Any CPU
		{3A8D453C-2F8E-4898-936C-594525BEFB86}.ExportRelease|Any CPU.Build.0 = Debug|Any CPU
		{3A8D453C-2F8E-4898-936C-594525BEFB86}.ExportRelease|x64.ActiveCfg = Debug|Any CPU
		{3A8D453C-2F8E-4898-936C-594525BEFB86}.ExportRelease|x64.Build.0 = Debug|Any CPU
		{3A8D453C-2F8E-4898-936C-594525BEFB86}.ExportRelease|x86.ActiveCfg = Debug|Any CPU
		{3A8D453C-2F8E-4898-936C-594525BEFB86}.ExportRelease|x86.Build.0 = Debug|Any CPU
		{3A8D453C-2F8E-4898-936C-594525BEFB86}.Release|Any CPU.ActiveCfg = Release|Any CPU
		{3A8D453C-2F8E-4898-936C-594525BEFB86}.Release|Any CPU.Build.0 = Release|Any CPU
		{3A8D453C-2F8E-4898-936C-594525BEFB86}.Release|x64.ActiveCfg = Release|Any CPU
		{3A8D453C-2F8E-4898-936C-594525BEFB86}.Release|x64.Build.0 = Release|Any CPU
		{3A8D453C-2F8E-4898-936C-594525BEFB86}.Release|x86.ActiveCfg = Release|Any CPU
		{3A8D453C-2F8E-4898-936C-594525BEFB86}.Release|x86.Build.0 = Release|Any CPU
		{425A330D-8EBB-4C7C-97E1-6A3F39D9D489}.Debug|Any CPU.ActiveCfg = Debug|Any CPU
		{425A330D-8EBB-4C7C-97E1-6A3F39D9D489}.Debug|Any CPU.Build.0 = Debug|Any CPU
		{425A330D-8EBB-4C7C-97E1-6A3F39D9D489}.Debug|x64.ActiveCfg = Debug|Any CPU
		{425A330D-8EBB-4C7C-97E1-6A3F39D9D489}.Debug|x64.Build.0 = Debug|Any CPU
		{425A330D-8EBB-4C7C-97E1-6A3F39D9D489}.Debug|x86.ActiveCfg = Debug|Any CPU
		{425A330D-8EBB-4C7C-97E1-6A3F39D9D489}.Debug|x86.Build.0 = Debug|Any CPU
		{425A330D-8EBB-4C7C-97E1-6A3F39D9D489}.ExportDebug|Any CPU.ActiveCfg = Debug|Any CPU
		{425A330D-8EBB-4C7C-97E1-6A3F39D9D489}.ExportDebug|Any CPU.Build.0 = Debug|Any CPU
		{425A330D-8EBB-4C7C-97E1-6A3F39D9D489}.ExportDebug|x64.ActiveCfg = Debug|Any CPU
		{425A330D-8EBB-4C7C-97E1-6A3F39D9D489}.ExportDebug|x64.Build.0 = Debug|Any CPU
		{425A330D-8EBB-4C7C-97E1-6A3F39D9D489}.ExportDebug|x86.ActiveCfg = Debug|Any CPU
		{425A330D-8EBB-4C7C-97E1-6A3F39D9D489}.ExportDebug|x86.Build.0 = Debug|Any CPU
		{425A330D-8EBB-4C7C-97E1-6A3F39D9D489}.ExportRelease|Any CPU.ActiveCfg = Debug|Any CPU
		{425A330D-8EBB-4C7C-97E1-6A3F39D9D489}.ExportRelease|Any CPU.Build.0 = Debug|Any CPU
		{425A330D-8EBB-4C7C-97E1-6A3F39D9D489}.ExportRelease|x64.ActiveCfg = Debug|Any CPU
		{425A330D-8EBB-4C7C-97E1-6A3F39D9D489}.ExportRelease|x64.Build.0 = Debug|Any CPU
		{425A330D-8EBB-4C7C-97E1-6A3F39D9D489}.ExportRelease|x86.ActiveCfg = Debug|Any CPU
		{425A330D-8EBB-4C7C-97E1-6A3F39D9D489}.ExportRelease|x86.Build.0 = Debug|Any CPU
		{425A330D-8EBB-4C7C-97E1-6A3F39D9D489}.Release|Any CPU.ActiveCfg = Release|Any CPU
		{425A330D-8EBB-4C7C-97E1-6A3F39D9D489}.Release|Any CPU.Build.0 = Release|Any CPU
		{425A330D-8EBB-4C7C-97E1-6A3F39D9D489}.Release|x64.ActiveCfg = Release|Any CPU
		{425A330D-8EBB-4C7C-97E1-6A3F39D9D489}.Release|x64.Build.0 = Release|Any CPU
		{425A330D-8EBB-4C7C-97E1-6A3F39D9D489}.Release|x86.ActiveCfg = Release|Any CPU
		{425A330D-8EBB-4C7C-97E1-6A3F39D9D489}.Release|x86.Build.0 = Release|Any CPU
		{93BF7D87-FD32-47E5-99CA-EE4D50EE1B65}.Debug|Any CPU.ActiveCfg = Debug|Any CPU
		{93BF7D87-FD32-47E5-99CA-EE4D50EE1B65}.Debug|Any CPU.Build.0 = Debug|Any CPU
		{93BF7D87-FD32-47E5-99CA-EE4D50EE1B65}.Debug|x64.ActiveCfg = Debug|Any CPU
		{93BF7D87-FD32-47E5-99CA-EE4D50EE1B65}.Debug|x64.Build.0 = Debug|Any CPU
		{93BF7D87-FD32-47E5-99CA-EE4D50EE1B65}.Debug|x86.ActiveCfg = Debug|Any CPU
		{93BF7D87-FD32-47E5-99CA-EE4D50EE1B65}.Debug|x86.Build.0 = Debug|Any CPU
		{93BF7D87-FD32-47E5-99CA-EE4D50EE1B65}.ExportDebug|Any CPU.ActiveCfg = Debug|Any CPU
		{93BF7D87-FD32-47E5-99CA-EE4D50EE1B65}.ExportDebug|Any CPU.Build.0 = Debug|Any CPU
		{93BF7D87-FD32-47E5-99CA-EE4D50EE1B65}.ExportDebug|x64.ActiveCfg = Debug|Any CPU
		{93BF7D87-FD32-47E5-99CA-EE4D50EE1B65}.ExportDebug|x64.Build.0 = Debug|Any CPU
		{93BF7D87-FD32-47E5-99CA-EE4D50EE1B65}.ExportDebug|x86.ActiveCfg = Debug|Any CPU
		{93BF7D87-FD32-47E5-99CA-EE4D50EE1B65}.ExportDebug|x86.Build.0 = Debug|Any CPU
		{93BF7D87-FD32-47E5-99CA-EE4D50EE1B65}.ExportRelease|Any CPU.ActiveCfg = Debug|Any CPU
		{93BF7D87-FD32-47E5-99CA-EE4D50EE1B65}.ExportRelease|Any CPU.Build.0 = Debug|Any CPU
		{93BF7D87-FD32-47E5-99CA-EE4D50EE1B65}.ExportRelease|x64.ActiveCfg = Debug|Any CPU
		{93BF7D87-FD32-47E5-99CA-EE4D50EE1B65}.ExportRelease|x64.Build.0 = Debug|Any CPU
		{93BF7D87-FD32-47E5-99CA-EE4D50EE1B65}.ExportRelease|x86.ActiveCfg = Debug|Any CPU
		{93BF7D87-FD32-47E5-99CA-EE4D50EE1B65}.ExportRelease|x86.Build.0 = Debug|Any CPU
		{93BF7D87-FD32-47E5-99CA-EE4D50EE1B65}.Release|Any CPU.ActiveCfg = Release|Any CPU
		{93BF7D87-FD32-47E5-99CA-EE4D50EE1B65}.Release|Any CPU.Build.0 = Release|Any CPU
		{93BF7D87-FD32-47E5-99CA-EE4D50EE1B65}.Release|x64.ActiveCfg = Release|Any CPU
		{93BF7D87-FD32-47E5-99CA-EE4D50EE1B65}.Release|x64.Build.0 = Release|Any CPU
		{93BF7D87-FD32-47E5-99CA-EE4D50EE1B65}.Release|x86.ActiveCfg = Release|Any CPU
		{93BF7D87-FD32-47E5-99CA-EE4D50EE1B65}.Release|x86.Build.0 = Release|Any CPU
		{7533E84B-9D8D-4582-8643-E9B285836729}.Debug|Any CPU.ActiveCfg = Debug|Any CPU
		{7533E84B-9D8D-4582-8643-E9B285836729}.Debug|Any CPU.Build.0 = Debug|Any CPU
		{7533E84B-9D8D-4582-8643-E9B285836729}.Debug|x64.ActiveCfg = Debug|Any CPU
		{7533E84B-9D8D-4582-8643-E9B285836729}.Debug|x64.Build.0 = Debug|Any CPU
		{7533E84B-9D8D-4582-8643-E9B285836729}.Debug|x86.ActiveCfg = Debug|Any CPU
		{7533E84B-9D8D-4582-8643-E9B285836729}.Debug|x86.Build.0 = Debug|Any CPU
		{7533E84B-9D8D-4582-8643-E9B285836729}.ExportDebug|Any CPU.ActiveCfg = Debug|Any CPU
		{7533E84B-9D8D-4582-8643-E9B285836729}.ExportDebug|Any CPU.Build.0 = Debug|Any CPU
		{7533E84B-9D8D-4582-8643-E9B285836729}.ExportDebug|x64.ActiveCfg = Debug|Any CPU
		{7533E84B-9D8D-4582-8643-E9B285836729}.ExportDebug|x64.Build.0 = Debug|Any CPU
		{7533E84B-9D8D-4582-8643-E9B285836729}.ExportDebug|x86.ActiveCfg = Debug|Any CPU
		{7533E84B-9D8D-4582-8643-E9B285836729}.ExportDebug|x86.Build.0 = Debug|Any CPU
		{7533E84B-9D8D-4582-8643-E9B285836729}.ExportRelease|Any CPU.ActiveCfg = Debug|Any CPU
		{7533E84B-9D8D-4582-8643-E9B285836729}.ExportRelease|Any CPU.Build.0 = Debug|Any CPU
		{7533E84B-9D8D-4582-8643-E9B285836729}.ExportRelease|x64.ActiveCfg = Debug|Any CPU
		{7533E84B-9D8D-4582-8643-E9B285836729}.ExportRelease|x64.Build.0 = Debug|Any CPU
		{7533E84B-9D8D-4582-8643-E9B285836729}.ExportRelease|x86.ActiveCfg = Debug|Any CPU
		{7533E84B-9D8D-4582-8643-E9B285836729}.ExportRelease|x86.Build.0 = Debug|Any CPU
		{7533E84B-9D8D-4582-8643-E9B285836729}.Release|Any CPU.ActiveCfg = Release|Any CPU
		{7533E84B-9D8D-4582-8643-E9B285836729}.Release|Any CPU.Build.0 = Release|Any CPU
		{7533E84B-9D8D-4582-8643-E9B285836729}.Release|x64.ActiveCfg = Release|Any CPU
		{7533E84B-9D8D-4582-8643-E9B285836729}.Release|x64.Build.0 = Release|Any CPU
		{7533E84B-9D8D-4582-8643-E9B285836729}.Release|x86.ActiveCfg = Release|Any CPU
		{7533E84B-9D8D-4582-8643-E9B285836729}.Release|x86.Build.0 = Release|Any CPU
		{BDBCA09C-8366-43CF-9790-6AC45357C09E}.Debug|Any CPU.ActiveCfg = Debug|Any CPU
		{BDBCA09C-8366-43CF-9790-6AC45357C09E}.Debug|Any CPU.Build.0 = Debug|Any CPU
		{BDBCA09C-8366-43CF-9790-6AC45357C09E}.Debug|x64.ActiveCfg = Debug|Any CPU
		{BDBCA09C-8366-43CF-9790-6AC45357C09E}.Debug|x64.Build.0 = Debug|Any CPU
		{BDBCA09C-8366-43CF-9790-6AC45357C09E}.Debug|x86.ActiveCfg = Debug|Any CPU
		{BDBCA09C-8366-43CF-9790-6AC45357C09E}.Debug|x86.Build.0 = Debug|Any CPU
		{BDBCA09C-8366-43CF-9790-6AC45357C09E}.ExportDebug|Any CPU.ActiveCfg = Debug|Any CPU
		{BDBCA09C-8366-43CF-9790-6AC45357C09E}.ExportDebug|Any CPU.Build.0 = Debug|Any CPU
		{BDBCA09C-8366-43CF-9790-6AC45357C09E}.ExportDebug|x64.ActiveCfg = Debug|Any CPU
		{BDBCA09C-8366-43CF-9790-6AC45357C09E}.ExportDebug|x64.Build.0 = Debug|Any CPU
		{BDBCA09C-8366-43CF-9790-6AC45357C09E}.ExportDebug|x86.ActiveCfg = Debug|Any CPU
		{BDBCA09C-8366-43CF-9790-6AC45357C09E}.ExportDebug|x86.Build.0 = Debug|Any CPU
		{BDBCA09C-8366-43CF-9790-6AC45357C09E}.ExportRelease|Any CPU.ActiveCfg = Debug|Any CPU
		{BDBCA09C-8366-43CF-9790-6AC45357C09E}.ExportRelease|Any CPU.Build.0 = Debug|Any CPU
		{BDBCA09C-8366-43CF-9790-6AC45357C09E}.ExportRelease|x64.ActiveCfg = Debug|Any CPU
		{BDBCA09C-8366-43CF-9790-6AC45357C09E}.ExportRelease|x64.Build.0 = Debug|Any CPU
		{BDBCA09C-8366-43CF-9790-6AC45357C09E}.ExportRelease|x86.ActiveCfg = Debug|Any CPU
		{BDBCA09C-8366-43CF-9790-6AC45357C09E}.ExportRelease|x86.Build.0 = Debug|Any CPU
		{BDBCA09C-8366-43CF-9790-6AC45357C09E}.Release|Any CPU.ActiveCfg = Release|Any CPU
		{BDBCA09C-8366-43CF-9790-6AC45357C09E}.Release|Any CPU.Build.0 = Release|Any CPU
		{BDBCA09C-8366-43CF-9790-6AC45357C09E}.Release|x64.ActiveCfg = Release|Any CPU
		{BDBCA09C-8366-43CF-9790-6AC45357C09E}.Release|x64.Build.0 = Release|Any CPU
		{BDBCA09C-8366-43CF-9790-6AC45357C09E}.Release|x86.ActiveCfg = Release|Any CPU
		{BDBCA09C-8366-43CF-9790-6AC45357C09E}.Release|x86.Build.0 = Release|Any CPU
		{92E26019-83CC-435B-991B-246D887CEE3B}.Debug|Any CPU.ActiveCfg = Debug|Any CPU
		{92E26019-83CC-435B-991B-246D887CEE3B}.Debug|Any CPU.Build.0 = Debug|Any CPU
		{92E26019-83CC-435B-991B-246D887CEE3B}.Debug|x64.ActiveCfg = Debug|Any CPU
		{92E26019-83CC-435B-991B-246D887CEE3B}.Debug|x64.Build.0 = Debug|Any CPU
		{92E26019-83CC-435B-991B-246D887CEE3B}.Debug|x86.ActiveCfg = Debug|Any CPU
		{92E26019-83CC-435B-991B-246D887CEE3B}.Debug|x86.Build.0 = Debug|Any CPU
		{92E26019-83CC-435B-991B-246D887CEE3B}.ExportDebug|Any CPU.ActiveCfg = Debug|Any CPU
		{92E26019-83CC-435B-991B-246D887CEE3B}.ExportDebug|Any CPU.Build.0 = Debug|Any CPU
		{92E26019-83CC-435B-991B-246D887CEE3B}.ExportDebug|x64.ActiveCfg = Debug|Any CPU
		{92E26019-83CC-435B-991B-246D887CEE3B}.ExportDebug|x64.Build.0 = Debug|Any CPU
		{92E26019-83CC-435B-991B-246D887CEE3B}.ExportDebug|x86.ActiveCfg = Debug|Any CPU
		{92E26019-83CC-435B-991B-246D887CEE3B}.ExportDebug|x86.Build.0 = Debug|Any CPU
		{92E26019-83CC-435B-991B-246D887CEE3B}.ExportRelease|Any CPU.ActiveCfg = Debug|Any CPU
		{92E26019-83CC-435B-991B-246D887CEE3B}.ExportRelease|Any CPU.Build.0 = Debug|Any CPU
		{92E26019-83CC-435B-991B-246D887CEE3B}.ExportRelease|x64.ActiveCfg = Debug|Any CPU
		{92E26019-83CC-435B-991B-246D887CEE3B}.ExportRelease|x64.Build.0 = Debug|Any CPU
		{92E26019-83CC-435B-991B-246D887CEE3B}.ExportRelease|x86.ActiveCfg = Debug|Any CPU
		{92E26019-83CC-435B-991B-246D887CEE3B}.ExportRelease|x86.Build.0 = Debug|Any CPU
		{92E26019-83CC-435B-991B-246D887CEE3B}.Release|Any CPU.ActiveCfg = Release|Any CPU
		{92E26019-83CC-435B-991B-246D887CEE3B}.Release|Any CPU.Build.0 = Release|Any CPU
		{92E26019-83CC-435B-991B-246D887CEE3B}.Release|x64.ActiveCfg = Release|Any CPU
		{92E26019-83CC-435B-991B-246D887CEE3B}.Release|x64.Build.0 = Release|Any CPU
		{92E26019-83CC-435B-991B-246D887CEE3B}.Release|x86.ActiveCfg = Release|Any CPU
		{92E26019-83CC-435B-991B-246D887CEE3B}.Release|x86.Build.0 = Release|Any CPU
	EndGlobalSection
	GlobalSection(SolutionProperties) = preSolution
		HideSolutionNode = FALSE
	EndGlobalSection
	GlobalSection(NestedProjects) = preSolution
		{7BD386BA-7AE4-4AE5-BAC2-3A894A33EE60} = {0AB3BF05-4346-4AA6-1389-037BE0695223}
		{EDC581BE-1D7F-4686-B02B-327FAE03D2BE} = {827E0CD3-B72D-47B6-A68D-7590B98EB39B}
		{9CBCAA63-CD92-4E8F-87D6-3DE776D094C0} = {0AB3BF05-4346-4AA6-1389-037BE0695223}
		{FC9C23B2-A20B-4881-B8F1-C7670A7C28BD} = {827E0CD3-B72D-47B6-A68D-7590B98EB39B}
		{BB79B497-AB32-4D5F-AF94-D57AD5387C21} = {827E0CD3-B72D-47B6-A68D-7590B98EB39B}
		{3A8D453C-2F8E-4898-936C-594525BEFB86} = {0AB3BF05-4346-4AA6-1389-037BE0695223}
		{425A330D-8EBB-4C7C-97E1-6A3F39D9D489} = {827E0CD3-B72D-47B6-A68D-7590B98EB39B}
		{93BF7D87-FD32-47E5-99CA-EE4D50EE1B65} = {0AB3BF05-4346-4AA6-1389-037BE0695223}
		{7533E84B-9D8D-4582-8643-E9B285836729} = {0AB3BF05-4346-4AA6-1389-037BE0695223}
		{BDBCA09C-8366-43CF-9790-6AC45357C09E} = {0AB3BF05-4346-4AA6-1389-037BE0695223}
		{92E26019-83CC-435B-991B-246D887CEE3B} = {0AB3BF05-4346-4AA6-1389-037BE0695223}
	EndGlobalSection
EndGlobal
